<?xml version="1.0" encoding="utf-8"?>
<Project ToolsVersion="4.0" xmlns="http://schemas.microsoft.com/developer/msbuild/2003">
  <ItemGroup>
    <Filter Include="Source files">
      <UniqueIdentifier>{cc367c58-abf7-4428-accf-18feebfdcf9e}</UniqueIdentifier>
      <Extensions>cpp;c;cc;cxx;def;odl;idl;hpj;bat;asm;asmx</Extensions>
    </Filter>
    <Filter Include="Header files">
      <UniqueIdentifier>{8bda4585-3061-4bcd-95c1-210fd1ca10f3}</UniqueIdentifier>
      <Extensions>h;hpp;hxx;hm;inl;inc;xsd</Extensions>
    </Filter>
    <Filter Include="Resource files">
      <UniqueIdentifier>{2023de80-ad12-4d05-a5ea-d2d8c4d452d8}</UniqueIdentifier>
      <Extensions>rc;ico;cur;bmp;dlg;rc2;rct;bin;rgs;gif;jpg;jpeg;jpe;resx;tiff;tif;png;wav</Extensions>
    </Filter>
    <Filter Include="Source files\CORE">
      <UniqueIdentifier>{4965395b-2c7e-49c4-b2c1-f4dc55bdd04a}</UniqueIdentifier>
    </Filter>
    <Filter Include="Source files\Startup">
      <UniqueIdentifier>{2c8a6da1-81a3-4c77-b2ae-9ce903c3559d}</UniqueIdentifier>
    </Filter>
    <Filter Include="Source files\STM32Cube HAL">
      <UniqueIdentifier>{4f32bc37-7912-438b-bfd8-27a72cc5d45e}</UniqueIdentifier>
    </Filter>
    <Filter Include="Source files\STM32Cube HAL\COMMON">
      <UniqueIdentifier>{92cd72f6-0f12-44ed-8865-5f123b806992}</UniqueIdentifier>
    </Filter>
    <Filter Include="Source files\STM32Cube HAL\UART">
      <UniqueIdentifier>{fa5e6597-c939-4df2-a2a6-3b3b826ce5da}</UniqueIdentifier>
    </Filter>
    <Filter Include="Source files\STM32Cube HAL\PWR">
      <UniqueIdentifier>{90076f37-e495-45fc-ac6e-18b175474d07}</UniqueIdentifier>
    </Filter>
    <Filter Include="Source files\STM32Cube HAL\SPI">
      <UniqueIdentifier>{ccbdc586-a9a2-473f-ae08-db08ea96490a}</UniqueIdentifier>
    </Filter>
    <Filter Include="Source files\STM32Cube HAL\FLASH">
      <UniqueIdentifier>{9035c03b-1d06-45d0-b976-2d368e18ebef}</UniqueIdentifier>
    </Filter>
    <Filter Include="Source files\STM32Cube HAL\GPIO">
      <UniqueIdentifier>{b02b1800-974e-400e-b197-0df099fcfb5f}</UniqueIdentifier>
    </Filter>
    <Filter Include="Source files\STM32Cube HAL\FREERTOS">
      <UniqueIdentifier>{98f8e0b3-7d49-4c08-840f-304ad6ea7cdc}</UniqueIdentifier>
    </Filter>
    <Filter Include="Source files\STM32Cube HAL\LWIP">
      <UniqueIdentifier>{5b0137aa-36db-4632-8950-3b7fc3711146}</UniqueIdentifier>
    </Filter>
    <Filter Include="Source files\STM32Cube HAL\RCC">
      <UniqueIdentifier>{928ff6fe-6443-44cc-8f54-ec5a3fbefc1a}</UniqueIdentifier>
    </Filter>
    <Filter Include="Source files\STM32Cube HAL\CRC">
      <UniqueIdentifier>{b4908df2-f618-43a7-9df0-6002b7294a2b}</UniqueIdentifier>
    </Filter>
    <Filter Include="Source files\STM32Cube HAL\CORTEX">
      <UniqueIdentifier>{b17db23e-e5ff-46d2-8d47-d90c97297dbc}</UniqueIdentifier>
    </Filter>
    <Filter Include="Source files\STM32Cube HAL\ETH">
      <UniqueIdentifier>{e6fe3caa-0d22-4ad1-adfd-448f51851fe7}</UniqueIdentifier>
    </Filter>
    <Filter Include="Source files\STM32Cube HAL\TIM">
      <UniqueIdentifier>{1d313169-677c-4008-9d08-22c1f5c7d8d8}</UniqueIdentifier>
    </Filter>
    <Filter Include="Source files\STM32Cube HAL\DMA">
      <UniqueIdentifier>{ef7927bc-8cb2-4206-bbd6-55b0fe07921d}</UniqueIdentifier>
    </Filter>
    <Filter Include="Source files\STM32Cube HAL\I2C">
      <UniqueIdentifier>{fefd12cd-c7a1-4f9b-99bb-66eec1c91906}</UniqueIdentifier>
    </Filter>
    <Filter Include="Source files\Device-specific files">
      <UniqueIdentifier>{91d9bf88-b9b8-43ee-b070-c7b69d4e55ac}</UniqueIdentifier>
    </Filter>
    <Filter Include="Header files\CORE">
      <UniqueIdentifier>{45d4750c-6676-429c-9f23-ad795757cd5f}</UniqueIdentifier>
    </Filter>
    <Filter Include="Header files\Startup">
      <UniqueIdentifier>{fdd95f5f-e102-4fda-90da-465de807d6e6}</UniqueIdentifier>
    </Filter>
    <Filter Include="Header files\STM32Cube HAL">
      <UniqueIdentifier>{f28b45eb-6256-4ed7-b5cc-6ad0519b7b2c}</UniqueIdentifier>
    </Filter>
    <Filter Include="Header files\STM32Cube HAL\COMMON">
      <UniqueIdentifier>{af1ba9c3-2b46-4e46-8199-2a746221db7e}</UniqueIdentifier>
    </Filter>
    <Filter Include="Header files\STM32Cube HAL\UART">
      <UniqueIdentifier>{d644e994-50f4-4c99-a11e-43854518fcdb}</UniqueIdentifier>
    </Filter>
    <Filter Include="Header files\STM32Cube HAL\PWR">
      <UniqueIdentifier>{0c3eff15-dd52-4711-9d56-f4a82d0c7d2e}</UniqueIdentifier>
    </Filter>
    <Filter Include="Header files\STM32Cube HAL\SPI">
      <UniqueIdentifier>{1ac28f96-346c-4e22-b301-482e837c473b}</UniqueIdentifier>
    </Filter>
    <Filter Include="Header files\STM32Cube HAL\FLASH">
      <UniqueIdentifier>{9e6f2b12-c625-4a97-aa2b-bb6833039e16}</UniqueIdentifier>
    </Filter>
    <Filter Include="Header files\STM32Cube HAL\GPIO">
      <UniqueIdentifier>{c4f56ea3-e236-4512-8fea-3fcccecccaed}</UniqueIdentifier>
    </Filter>
    <Filter Include="Header files\STM32Cube HAL\FREERTOS">
      <UniqueIdentifier>{32d35e9e-b2f8-45d7-8d7d-94a59656292b}</UniqueIdentifier>
    </Filter>
    <Filter Include="Header files\STM32Cube HAL\LWIP">
      <UniqueIdentifier>{da718c2b-557d-414d-948e-4527ec48e0ea}</UniqueIdentifier>
    </Filter>
    <Filter Include="Header files\STM32Cube HAL\RCC">
      <UniqueIdentifier>{67b297b1-0b6b-4960-a7f8-47515c250556}</UniqueIdentifier>
    </Filter>
    <Filter Include="Header files\STM32Cube HAL\CRC">
      <UniqueIdentifier>{12599f19-f28f-4fa5-af76-b71d7eb3de07}</UniqueIdentifier>
    </Filter>
    <Filter Include="Header files\STM32Cube HAL\CORTEX">
      <UniqueIdentifier>{7aeb6199-72e7-4aba-8a21-ac3ffb76fc58}</UniqueIdentifier>
    </Filter>
    <Filter Include="Header files\STM32Cube HAL\ETH">
      <UniqueIdentifier>{e1991ca0-3f70-4018-be43-3db85cfbeb3e}</UniqueIdentifier>
    </Filter>
    <Filter Include="Header files\STM32Cube HAL\TIM">
      <UniqueIdentifier>{e0c9a0f4-5cc9-4c8a-8acb-365a04686214}</UniqueIdentifier>
    </Filter>
    <Filter Include="Header files\STM32Cube HAL\DMA">
      <UniqueIdentifier>{e7e4071d-881d-40de-8943-58660fc6f51c}</UniqueIdentifier>
    </Filter>
    <Filter Include="Header files\STM32Cube HAL\I2C">
      <UniqueIdentifier>{a3d8f1f9-5551-4d17-b1fe-068e5dccab18}</UniqueIdentifier>
    </Filter>
    <Filter Include="Header files\Device-specific files">
      <UniqueIdentifier>{ce9b64b4-b9df-4a17-ab04-2cd0a9af6e9b}</UniqueIdentifier>
    </Filter>
    <Filter Include="VisualGDB settings">
      <UniqueIdentifier>{ac7ad1ef-8bd8-40f1-8d20-00f044be30e4}</UniqueIdentifier>
    </Filter>
    <Filter Include="Source files\bsp">
      <UniqueIdentifier>{67ad1baf-cf35-4c4f-b50e-2ad39c882638}</UniqueIdentifier>
    </Filter>
    <Filter Include="Source files\bsp\Inc">
      <UniqueIdentifier>{09213b8b-ecb6-4a9d-ba00-7db942bf09cc}</UniqueIdentifier>
    </Filter>
    <Filter Include="Source files\bsp\Src">
      <UniqueIdentifier>{cf7e7239-5db3-47d8-8029-265c7b1c7f08}</UniqueIdentifier>
    </Filter>
    <Filter Include="Header files\bsp">
      <UniqueIdentifier>{bcabce4e-71d7-44c3-8556-7570ed556dbd}</UniqueIdentifier>
    </Filter>
    <Filter Include="Header files\bsp\Inc">
      <UniqueIdentifier>{cf5a7504-2112-48f9-b921-15d860810d53}</UniqueIdentifier>
    </Filter>
    <Filter Include="Header files\bsp\Src">
      <UniqueIdentifier>{a17694dd-7c7b-4a24-9537-e29806f65e90}</UniqueIdentifier>
    </Filter>
    <Filter Include="Source files\STM32Cube HAL\IWDG">
      <UniqueIdentifier>{14e2d13b-f9b8-4b8f-ad46-dc587b101305}</UniqueIdentifier>
    </Filter>
    <Filter Include="Header files\STM32Cube HAL\IWDG">
      <UniqueIdentifier>{9441a09c-5713-4a31-9815-51d5c371e2a6}</UniqueIdentifier>
    </Filter>
    <Filter Include="Source files\freemodbustcp">
      <UniqueIdentifier>{3d1ba7c6-c8ff-4418-9005-871f4534e0e5}</UniqueIdentifier>
    </Filter>
    <Filter Include="Source files\freemodbustcp\modbus">
      <UniqueIdentifier>{1b1978c3-cead-4d06-96d9-02f182899ff9}</UniqueIdentifier>
    </Filter>
    <Filter Include="Source files\freemodbustcp\modbus\ascii">
      <UniqueIdentifier>{fcab0697-f338-4ad3-aa0c-aaf236ff2d72}</UniqueIdentifier>
    </Filter>
    <Filter Include="Source files\freemodbustcp\modbus\functions">
      <UniqueIdentifier>{65f25aa3-9dff-4e92-85b7-5047a08bb1cc}</UniqueIdentifier>
    </Filter>
    <Filter Include="Source files\freemodbustcp\modbus\include">
      <UniqueIdentifier>{26550f66-6eb0-4e64-b209-aefc65700bd3}</UniqueIdentifier>
    </Filter>
    <Filter Include="Source files\freemodbustcp\modbus\rtu">
      <UniqueIdentifier>{85e17eb4-90b3-4c42-bde8-a35869266202}</UniqueIdentifier>
    </Filter>
    <Filter Include="Source files\freemodbustcp\modbus\tcp">
      <UniqueIdentifier>{1ab3b6c7-f051-4e0a-8f05-8a06b6e93ebe}</UniqueIdentifier>
    </Filter>
    <Filter Include="Source files\freemodbustcp\port">
      <UniqueIdentifier>{6f4d6415-00f2-4381-bf97-8c85bff02158}</UniqueIdentifier>
    </Filter>
    <Filter Include="Header files\freemodbustcp">
      <UniqueIdentifier>{de380c9e-7a52-4c49-9db2-55ec000d705e}</UniqueIdentifier>
    </Filter>
    <Filter Include="Header files\freemodbustcp\modbus">
      <UniqueIdentifier>{04caa8a2-321a-4dcf-a398-39ac50f3dc69}</UniqueIdentifier>
    </Filter>
    <Filter Include="Header files\freemodbustcp\modbus\ascii">
      <UniqueIdentifier>{7a68f5bd-aa3b-4fd0-962f-8134e5c866d6}</UniqueIdentifier>
    </Filter>
    <Filter Include="Header files\freemodbustcp\modbus\functions">
      <UniqueIdentifier>{b062c1e9-0ab6-48e4-899d-cb0b959c8e43}</UniqueIdentifier>
    </Filter>
    <Filter Include="Header files\freemodbustcp\modbus\include">
      <UniqueIdentifier>{a997e5d3-b7b3-43c1-9daf-8c898942868f}</UniqueIdentifier>
    </Filter>
    <Filter Include="Header files\freemodbustcp\modbus\rtu">
      <UniqueIdentifier>{72f30035-aaca-4b59-b953-fad5b619259a}</UniqueIdentifier>
    </Filter>
    <Filter Include="Header files\freemodbustcp\modbus\tcp">
      <UniqueIdentifier>{f5ff5aed-ab8f-4471-a8cb-1bb1466b2df9}</UniqueIdentifier>
    </Filter>
    <Filter Include="Header files\freemodbustcp\port">
      <UniqueIdentifier>{573e3320-79ad-4bec-82b4-f8c5c3e1587d}</UniqueIdentifier>
    </Filter>
  </ItemGroup>
  <ItemGroup>
    <ClCompile Include="..\..\Src\gpio.c">
      <Filter>Source files</Filter>
    </ClCompile>
    <ClCompile Include="..\..\Src\crc.c">
      <Filter>Source files</Filter>
    </ClCompile>
    <ClCompile Include="..\..\Src\i2c.c">
      <Filter>Source files</Filter>
    </ClCompile>
    <ClCompile Include="..\..\Src\lwip.c">
      <Filter>Source files</Filter>
    </ClCompile>
    <ClCompile Include="..\..\Src\ethernetif.c">
      <Filter>Source files</Filter>
    </ClCompile>
    <ClCompile Include="..\..\Src\spi.c">
      <Filter>Source files</Filter>
    </ClCompile>
    <ClCompile Include="..\..\Src\usart.c">
      <Filter>Source files</Filter>
    </ClCompile>
    <ClCompile Include="..\..\Src\stm32f4xx_it.c">
      <Filter>Source files</Filter>
    </ClCompile>
    <ClCompile Include="..\..\Src\stm32f4xx_hal_msp.c">
      <Filter>Source files</Filter>
    </ClCompile>
    <ClCompile Include="..\..\Src\stm32f4xx_hal_timebase_TIM.c">
      <Filter>Source files</Filter>
    </ClCompile>
    <ClCompile Include="..\..\Src\main.c">
      <Filter>Source files</Filter>
    </ClCompile>
    <ClCompile Include="..\..\Drivers\CMSIS\Device\ST\STM32F4xx\Source\Templates\system_stm32f4xx.c">
      <Filter>Source files\Startup</Filter>
    </ClCompile>
    <ClCompile Include="..\..\Drivers\STM32F4xx_HAL_Driver\Src\stm32f4xx_hal.c">
      <Filter>Source files\STM32Cube HAL\COMMON</Filter>
    </ClCompile>
    <ClCompile Include="..\..\Drivers\STM32F4xx_HAL_Driver\Src\stm32f4xx_hal_uart.c">
      <Filter>Source files\STM32Cube HAL\UART</Filter>
    </ClCompile>
    <ClCompile Include="..\..\Drivers\STM32F4xx_HAL_Driver\Src\stm32f4xx_hal_pwr.c">
      <Filter>Source files\STM32Cube HAL\PWR</Filter>
    </ClCompile>
    <ClCompile Include="..\..\Drivers\STM32F4xx_HAL_Driver\Src\stm32f4xx_hal_pwr_ex.c">
      <Filter>Source files\STM32Cube HAL\PWR</Filter>
    </ClCompile>
    <ClCompile Include="..\..\Drivers\STM32F4xx_HAL_Driver\Src\stm32f4xx_hal_spi.c">
      <Filter>Source files\STM32Cube HAL\SPI</Filter>
    </ClCompile>
    <ClCompile Include="..\..\Drivers\STM32F4xx_HAL_Driver\Src\stm32f4xx_hal_flash.c">
      <Filter>Source files\STM32Cube HAL\FLASH</Filter>
    </ClCompile>
    <ClCompile Include="..\..\Drivers\STM32F4xx_HAL_Driver\Src\stm32f4xx_hal_flash_ex.c">
      <Filter>Source files\STM32Cube HAL\FLASH</Filter>
    </ClCompile>
    <ClCompile Include="..\..\Drivers\STM32F4xx_HAL_Driver\Src\stm32f4xx_hal_flash_ramfunc.c">
      <Filter>Source files\STM32Cube HAL\FLASH</Filter>
    </ClCompile>
    <ClCompile Include="..\..\Drivers\STM32F4xx_HAL_Driver\Src\stm32f4xx_hal_gpio.c">
      <Filter>Source files\STM32Cube HAL\GPIO</Filter>
    </ClCompile>
    <ClCompile Include="..\..\Middlewares\Third_Party\FreeRTOS\Source\croutine.c">
      <Filter>Source files\STM32Cube HAL\FREERTOS</Filter>
    </ClCompile>
    <ClCompile Include="..\..\Middlewares\Third_Party\FreeRTOS\Source\event_groups.c">
      <Filter>Source files\STM32Cube HAL\FREERTOS</Filter>
    </ClCompile>
    <ClCompile Include="..\..\Middlewares\Third_Party\FreeRTOS\Source\list.c">
      <Filter>Source files\STM32Cube HAL\FREERTOS</Filter>
    </ClCompile>
    <ClCompile Include="..\..\Middlewares\Third_Party\FreeRTOS\Source\queue.c">
      <Filter>Source files\STM32Cube HAL\FREERTOS</Filter>
    </ClCompile>
    <ClCompile Include="..\..\Middlewares\Third_Party\FreeRTOS\Source\tasks.c">
      <Filter>Source files\STM32Cube HAL\FREERTOS</Filter>
    </ClCompile>
    <ClCompile Include="..\..\Middlewares\Third_Party\FreeRTOS\Source\timers.c">
      <Filter>Source files\STM32Cube HAL\FREERTOS</Filter>
    </ClCompile>
    <ClCompile Include="..\..\Middlewares\Third_Party\FreeRTOS\Source\CMSIS_RTOS\cmsis_os.c">
      <Filter>Source files\STM32Cube HAL\FREERTOS</Filter>
    </ClCompile>
    <ClCompile Include="..\..\Middlewares\Third_Party\FreeRTOS\Source\portable\MemMang\heap_4.c">
      <Filter>Source files\STM32Cube HAL\FREERTOS</Filter>
    </ClCompile>
    <ClCompile Include="..\..\Middlewares\Third_Party\FreeRTOS\Source\portable\GCC\ARM_CM4F\port.c">
      <Filter>Source files\STM32Cube HAL\FREERTOS</Filter>
    </ClCompile>
    <ClCompile Include="..\..\Middlewares\Third_Party\LwIP\src\api\api_lib.c">
      <Filter>Source files\STM32Cube HAL\LWIP</Filter>
    </ClCompile>
    <ClCompile Include="..\..\Middlewares\Third_Party\LwIP\src\api\api_msg.c">
      <Filter>Source files\STM32Cube HAL\LWIP</Filter>
    </ClCompile>
    <ClCompile Include="..\..\Middlewares\Third_Party\LwIP\src\api\err.c">
      <Filter>Source files\STM32Cube HAL\LWIP</Filter>
    </ClCompile>
    <ClCompile Include="..\..\Middlewares\Third_Party\LwIP\src\api\netbuf.c">
      <Filter>Source files\STM32Cube HAL\LWIP</Filter>
    </ClCompile>
    <ClCompile Include="..\..\Middlewares\Third_Party\LwIP\src\api\netdb.c">
      <Filter>Source files\STM32Cube HAL\LWIP</Filter>
    </ClCompile>
    <ClCompile Include="..\..\Middlewares\Third_Party\LwIP\src\api\netifapi.c">
      <Filter>Source files\STM32Cube HAL\LWIP</Filter>
    </ClCompile>
    <ClCompile Include="..\..\Middlewares\Third_Party\LwIP\src\api\sockets.c">
      <Filter>Source files\STM32Cube HAL\LWIP</Filter>
    </ClCompile>
    <ClCompile Include="..\..\Middlewares\Third_Party\LwIP\src\api\tcpip.c">
      <Filter>Source files\STM32Cube HAL\LWIP</Filter>
    </ClCompile>
    <ClCompile Include="..\..\Middlewares\Third_Party\LwIP\src\core\def.c">
      <Filter>Source files\STM32Cube HAL\LWIP</Filter>
    </ClCompile>
    <ClCompile Include="..\..\Middlewares\Third_Party\LwIP\src\core\dns.c">
      <Filter>Source files\STM32Cube HAL\LWIP</Filter>
    </ClCompile>
    <ClCompile Include="..\..\Middlewares\Third_Party\LwIP\src\core\inet_chksum.c">
      <Filter>Source files\STM32Cube HAL\LWIP</Filter>
    </ClCompile>
    <ClCompile Include="..\..\Middlewares\Third_Party\LwIP\src\core\init.c">
      <Filter>Source files\STM32Cube HAL\LWIP</Filter>
    </ClCompile>
    <ClCompile Include="..\..\Middlewares\Third_Party\LwIP\src\core\ip.c">
      <Filter>Source files\STM32Cube HAL\LWIP</Filter>
    </ClCompile>
    <ClCompile Include="..\..\Middlewares\Third_Party\LwIP\src\core\mem.c">
      <Filter>Source files\STM32Cube HAL\LWIP</Filter>
    </ClCompile>
    <ClCompile Include="..\..\Middlewares\Third_Party\LwIP\src\core\memp.c">
      <Filter>Source files\STM32Cube HAL\LWIP</Filter>
    </ClCompile>
    <ClCompile Include="..\..\Middlewares\Third_Party\LwIP\src\core\netif.c">
      <Filter>Source files\STM32Cube HAL\LWIP</Filter>
    </ClCompile>
    <ClCompile Include="..\..\Middlewares\Third_Party\LwIP\src\core\pbuf.c">
      <Filter>Source files\STM32Cube HAL\LWIP</Filter>
    </ClCompile>
    <ClCompile Include="..\..\Middlewares\Third_Party\LwIP\src\core\raw.c">
      <Filter>Source files\STM32Cube HAL\LWIP</Filter>
    </ClCompile>
    <ClCompile Include="..\..\Middlewares\Third_Party\LwIP\src\core\stats.c">
      <Filter>Source files\STM32Cube HAL\LWIP</Filter>
    </ClCompile>
    <ClCompile Include="..\..\Middlewares\Third_Party\LwIP\src\core\sys.c">
      <Filter>Source files\STM32Cube HAL\LWIP</Filter>
    </ClCompile>
    <ClCompile Include="..\..\Middlewares\Third_Party\LwIP\src\core\tcp.c">
      <Filter>Source files\STM32Cube HAL\LWIP</Filter>
    </ClCompile>
    <ClCompile Include="..\..\Middlewares\Third_Party\LwIP\src\core\tcp_in.c">
      <Filter>Source files\STM32Cube HAL\LWIP</Filter>
    </ClCompile>
    <ClCompile Include="..\..\Middlewares\Third_Party\LwIP\src\core\tcp_out.c">
      <Filter>Source files\STM32Cube HAL\LWIP</Filter>
    </ClCompile>
    <ClCompile Include="..\..\Middlewares\Third_Party\LwIP\src\core\timeouts.c">
      <Filter>Source files\STM32Cube HAL\LWIP</Filter>
    </ClCompile>
    <ClCompile Include="..\..\Middlewares\Third_Party\LwIP\src\core\udp.c">
      <Filter>Source files\STM32Cube HAL\LWIP</Filter>
    </ClCompile>
    <ClCompile Include="..\..\Middlewares\Third_Party\LwIP\src\core\ipv4\autoip.c">
      <Filter>Source files\STM32Cube HAL\LWIP</Filter>
    </ClCompile>
    <ClCompile Include="..\..\Middlewares\Third_Party\LwIP\src\core\ipv4\dhcp.c">
      <Filter>Source files\STM32Cube HAL\LWIP</Filter>
    </ClCompile>
    <ClCompile Include="..\..\Middlewares\Third_Party\LwIP\src\core\ipv4\etharp.c">
      <Filter>Source files\STM32Cube HAL\LWIP</Filter>
    </ClCompile>
    <ClCompile Include="..\..\Middlewares\Third_Party\LwIP\src\core\ipv4\icmp.c">
      <Filter>Source files\STM32Cube HAL\LWIP</Filter>
    </ClCompile>
    <ClCompile Include="..\..\Middlewares\Third_Party\LwIP\src\core\ipv4\igmp.c">
      <Filter>Source files\STM32Cube HAL\LWIP</Filter>
    </ClCompile>
    <ClCompile Include="..\..\Middlewares\Third_Party\LwIP\src\core\ipv4\ip4.c">
      <Filter>Source files\STM32Cube HAL\LWIP</Filter>
    </ClCompile>
    <ClCompile Include="..\..\Middlewares\Third_Party\LwIP\src\core\ipv4\ip4_addr.c">
      <Filter>Source files\STM32Cube HAL\LWIP</Filter>
    </ClCompile>
    <ClCompile Include="..\..\Middlewares\Third_Party\LwIP\src\core\ipv4\ip4_frag.c">
      <Filter>Source files\STM32Cube HAL\LWIP</Filter>
    </ClCompile>
    <ClCompile Include="..\..\Middlewares\Third_Party\LwIP\src\core\ipv6\dhcp6.c">
      <Filter>Source files\STM32Cube HAL\LWIP</Filter>
    </ClCompile>
    <ClCompile Include="..\..\Middlewares\Third_Party\LwIP\src\core\ipv6\ethip6.c">
      <Filter>Source files\STM32Cube HAL\LWIP</Filter>
    </ClCompile>
    <ClCompile Include="..\..\Middlewares\Third_Party\LwIP\src\core\ipv6\icmp6.c">
      <Filter>Source files\STM32Cube HAL\LWIP</Filter>
    </ClCompile>
    <ClCompile Include="..\..\Middlewares\Third_Party\LwIP\src\core\ipv6\inet6.c">
      <Filter>Source files\STM32Cube HAL\LWIP</Filter>
    </ClCompile>
    <ClCompile Include="..\..\Middlewares\Third_Party\LwIP\src\core\ipv6\ip6.c">
      <Filter>Source files\STM32Cube HAL\LWIP</Filter>
    </ClCompile>
    <ClCompile Include="..\..\Middlewares\Third_Party\LwIP\src\core\ipv6\ip6_addr.c">
      <Filter>Source files\STM32Cube HAL\LWIP</Filter>
    </ClCompile>
    <ClCompile Include="..\..\Middlewares\Third_Party\LwIP\src\core\ipv6\ip6_frag.c">
      <Filter>Source files\STM32Cube HAL\LWIP</Filter>
    </ClCompile>
    <ClCompile Include="..\..\Middlewares\Third_Party\LwIP\src\core\ipv6\mld6.c">
      <Filter>Source files\STM32Cube HAL\LWIP</Filter>
    </ClCompile>
    <ClCompile Include="..\..\Middlewares\Third_Party\LwIP\src\core\ipv6\nd6.c">
      <Filter>Source files\STM32Cube HAL\LWIP</Filter>
    </ClCompile>
    <ClCompile Include="..\..\Middlewares\Third_Party\LwIP\src\netif\ppp\auth.c">
      <Filter>Source files\STM32Cube HAL\LWIP</Filter>
    </ClCompile>
    <ClCompile Include="..\..\Middlewares\Third_Party\LwIP\src\netif\ppp\ccp.c">
      <Filter>Source files\STM32Cube HAL\LWIP</Filter>
    </ClCompile>
    <ClCompile Include="..\..\Middlewares\Third_Party\LwIP\src\netif\ppp\chap_ms.c">
      <Filter>Source files\STM32Cube HAL\LWIP</Filter>
    </ClCompile>
    <ClCompile Include="..\..\Middlewares\Third_Party\LwIP\src\netif\ppp\chap-md5.c">
      <Filter>Source files\STM32Cube HAL\LWIP</Filter>
    </ClCompile>
    <ClCompile Include="..\..\Middlewares\Third_Party\LwIP\src\netif\ppp\chap-new.c">
      <Filter>Source files\STM32Cube HAL\LWIP</Filter>
    </ClCompile>
    <ClCompile Include="..\..\Middlewares\Third_Party\LwIP\src\netif\ppp\demand.c">
      <Filter>Source files\STM32Cube HAL\LWIP</Filter>
    </ClCompile>
    <ClCompile Include="..\..\Middlewares\Third_Party\LwIP\src\netif\ppp\eap.c">
      <Filter>Source files\STM32Cube HAL\LWIP</Filter>
    </ClCompile>
    <ClCompile Include="..\..\Middlewares\Third_Party\LwIP\src\netif\ppp\eui64.c">
      <Filter>Source files\STM32Cube HAL\LWIP</Filter>
    </ClCompile>
    <ClCompile Include="..\..\Middlewares\Third_Party\LwIP\src\netif\ppp\fsm.c">
      <Filter>Source files\STM32Cube HAL\LWIP</Filter>
    </ClCompile>
    <ClCompile Include="..\..\Middlewares\Third_Party\LwIP\src\netif\ppp\ipcp.c">
      <Filter>Source files\STM32Cube HAL\LWIP</Filter>
    </ClCompile>
    <ClCompile Include="..\..\Middlewares\Third_Party\LwIP\src\netif\ppp\ipv6cp.c">
      <Filter>Source files\STM32Cube HAL\LWIP</Filter>
    </ClCompile>
    <ClCompile Include="..\..\Middlewares\Third_Party\LwIP\src\netif\ppp\lcp.c">
      <Filter>Source files\STM32Cube HAL\LWIP</Filter>
    </ClCompile>
    <ClCompile Include="..\..\Middlewares\Third_Party\LwIP\src\netif\ppp\magic.c">
      <Filter>Source files\STM32Cube HAL\LWIP</Filter>
    </ClCompile>
    <ClCompile Include="..\..\Middlewares\Third_Party\LwIP\src\netif\ppp\mppe.c">
      <Filter>Source files\STM32Cube HAL\LWIP</Filter>
    </ClCompile>
    <ClCompile Include="..\..\Middlewares\Third_Party\LwIP\src\netif\ppp\multilink.c">
      <Filter>Source files\STM32Cube HAL\LWIP</Filter>
    </ClCompile>
    <ClCompile Include="..\..\Middlewares\Third_Party\LwIP\src\netif\ppp\ppp.c">
      <Filter>Source files\STM32Cube HAL\LWIP</Filter>
    </ClCompile>
    <ClCompile Include="..\..\Middlewares\Third_Party\LwIP\src\netif\ppp\pppapi.c">
      <Filter>Source files\STM32Cube HAL\LWIP</Filter>
    </ClCompile>
    <ClCompile Include="..\..\Middlewares\Third_Party\LwIP\src\netif\ppp\pppcrypt.c">
      <Filter>Source files\STM32Cube HAL\LWIP</Filter>
    </ClCompile>
    <ClCompile Include="..\..\Middlewares\Third_Party\LwIP\src\netif\ppp\pppoe.c">
      <Filter>Source files\STM32Cube HAL\LWIP</Filter>
    </ClCompile>
    <ClCompile Include="..\..\Middlewares\Third_Party\LwIP\src\netif\ppp\pppol2tp.c">
      <Filter>Source files\STM32Cube HAL\LWIP</Filter>
    </ClCompile>
    <ClCompile Include="..\..\Middlewares\Third_Party\LwIP\src\netif\ppp\pppos.c">
      <Filter>Source files\STM32Cube HAL\LWIP</Filter>
    </ClCompile>
    <ClCompile Include="..\..\Middlewares\Third_Party\LwIP\src\netif\ppp\upap.c">
      <Filter>Source files\STM32Cube HAL\LWIP</Filter>
    </ClCompile>
    <ClCompile Include="..\..\Middlewares\Third_Party\LwIP\src\netif\ppp\utils.c">
      <Filter>Source files\STM32Cube HAL\LWIP</Filter>
    </ClCompile>
    <ClCompile Include="..\..\Middlewares\Third_Party\LwIP\src\netif\ppp\vj.c">
      <Filter>Source files\STM32Cube HAL\LWIP</Filter>
    </ClCompile>
    <ClCompile Include="..\..\Middlewares\Third_Party\LwIP\src\netif\ethernet.c">
      <Filter>Source files\STM32Cube HAL\LWIP</Filter>
    </ClCompile>
    <ClCompile Include="..\..\Middlewares\Third_Party\LwIP\src\netif\slipif.c">
      <Filter>Source files\STM32Cube HAL\LWIP</Filter>
    </ClCompile>
    <ClCompile Include="..\..\Middlewares\Third_Party\LwIP\src\netif\lowpan6.c">
      <Filter>Source files\STM32Cube HAL\LWIP</Filter>
    </ClCompile>
    <ClCompile Include="..\..\Middlewares\Third_Party\LwIP\system\OS\sys_arch.c">
      <Filter>Source files\STM32Cube HAL\LWIP</Filter>
    </ClCompile>
    <ClCompile Include="..\..\Middlewares\Third_Party\LwIP\src\apps\mqtt\mqtt.c">
      <Filter>Source files\STM32Cube HAL\LWIP</Filter>
    </ClCompile>
    <ClCompile Include="..\..\Drivers\STM32F4xx_HAL_Driver\Src\stm32f4xx_hal_rcc.c">
      <Filter>Source files\STM32Cube HAL\RCC</Filter>
    </ClCompile>
    <ClCompile Include="..\..\Drivers\STM32F4xx_HAL_Driver\Src\stm32f4xx_hal_rcc_ex.c">
      <Filter>Source files\STM32Cube HAL\RCC</Filter>
    </ClCompile>
    <ClCompile Include="..\..\Drivers\STM32F4xx_HAL_Driver\Src\stm32f4xx_hal_crc.c">
      <Filter>Source files\STM32Cube HAL\CRC</Filter>
    </ClCompile>
    <ClCompile Include="..\..\Drivers\STM32F4xx_HAL_Driver\Src\stm32f4xx_hal_cortex.c">
      <Filter>Source files\STM32Cube HAL\CORTEX</Filter>
    </ClCompile>
    <ClCompile Include="..\..\Drivers\STM32F4xx_HAL_Driver\Src\stm32f4xx_hal_eth.c">
      <Filter>Source files\STM32Cube HAL\ETH</Filter>
    </ClCompile>
    <ClCompile Include="..\..\Drivers\STM32F4xx_HAL_Driver\Src\stm32f4xx_hal_tim.c">
      <Filter>Source files\STM32Cube HAL\TIM</Filter>
    </ClCompile>
    <ClCompile Include="..\..\Drivers\STM32F4xx_HAL_Driver\Src\stm32f4xx_hal_tim_ex.c">
      <Filter>Source files\STM32Cube HAL\TIM</Filter>
    </ClCompile>
    <ClCompile Include="..\..\Drivers\STM32F4xx_HAL_Driver\Src\stm32f4xx_hal_dma_ex.c">
      <Filter>Source files\STM32Cube HAL\DMA</Filter>
    </ClCompile>
    <ClCompile Include="..\..\Drivers\STM32F4xx_HAL_Driver\Src\stm32f4xx_hal_dma.c">
      <Filter>Source files\STM32Cube HAL\DMA</Filter>
    </ClCompile>
    <ClCompile Include="..\..\Drivers\STM32F4xx_HAL_Driver\Src\stm32f4xx_hal_i2c.c">
      <Filter>Source files\STM32Cube HAL\I2C</Filter>
    </ClCompile>
    <ClCompile Include="..\..\Drivers\STM32F4xx_HAL_Driver\Src\stm32f4xx_hal_i2c_ex.c">
      <Filter>Source files\STM32Cube HAL\I2C</Filter>
    </ClCompile>
    <None Include="stm32.props">
      <Filter>Source files\Device-specific files</Filter>
    </None>
    <ClCompile Include="$(BSP_ROOT)\STM32F4xxxx\StartupFiles\startup_stm32f407xx.c">
      <Filter>Source files\Device-specific files</Filter>
    </ClCompile>
    <ClInclude Include="..\..\Inc\gpio.h">
      <Filter>Header files</Filter>
    </ClInclude>
    <ClInclude Include="..\..\Inc\crc.h">
      <Filter>Header files</Filter>
    </ClInclude>
    <ClInclude Include="..\..\Inc\FreeRTOSConfig.h">
      <Filter>Header files</Filter>
    </ClInclude>
    <ClInclude Include="..\..\Inc\i2c.h">
      <Filter>Header files</Filter>
    </ClInclude>
    <ClInclude Include="..\..\Inc\lwip.h">
      <Filter>Header files</Filter>
    </ClInclude>
    <ClInclude Include="..\..\Inc\lwipopts.h">
      <Filter>Header files</Filter>
    </ClInclude>
    <ClInclude Include="..\..\Inc\ethernetif.h">
      <Filter>Header files</Filter>
    </ClInclude>
    <ClInclude Include="..\..\Inc\spi.h">
      <Filter>Header files</Filter>
    </ClInclude>
    <ClInclude Include="..\..\Inc\usart.h">
      <Filter>Header files</Filter>
    </ClInclude>
    <ClInclude Include="..\..\Inc\stm32f4xx_it.h">
      <Filter>Header files</Filter>
    </ClInclude>
    <ClInclude Include="..\..\Inc\stm32f4xx_hal_conf.h">
      <Filter>Header files</Filter>
    </ClInclude>
    <ClInclude Include="..\..\Inc\main.h">
      <Filter>Header files</Filter>
    </ClInclude>
    <ClInclude Include="..\..\Drivers\CMSIS\Include\core_cm4.h">
      <Filter>Header files\CORE</Filter>
    </ClInclude>
    <ClInclude Include="..\..\Drivers\CMSIS\Device\ST\STM32F4xx\Include\stm32f4xx.h">
      <Filter>Header files\Startup</Filter>
    </ClInclude>
    <ClInclude Include="..\..\Drivers\CMSIS\Device\ST\STM32F4xx\Include\system_stm32f4xx.h">
      <Filter>Header files\Startup</Filter>
    </ClInclude>
    <ClInclude Include="..\..\Drivers\STM32F4xx_HAL_Driver\Inc\stm32f4xx_hal.h">
      <Filter>Header files\STM32Cube HAL\COMMON</Filter>
    </ClInclude>
    <ClInclude Include="..\..\Drivers\STM32F4xx_HAL_Driver\Inc\Legacy\stm32_hal_legacy.h">
      <Filter>Header files\STM32Cube HAL\COMMON</Filter>
    </ClInclude>
    <ClInclude Include="..\..\Drivers\STM32F4xx_HAL_Driver\Inc\stm32f4xx_hal_def.h">
      <Filter>Header files\STM32Cube HAL\COMMON</Filter>
    </ClInclude>
    <ClInclude Include="..\..\Drivers\STM32F4xx_HAL_Driver\Inc\stm32f4xx_hal_uart.h">
      <Filter>Header files\STM32Cube HAL\UART</Filter>
    </ClInclude>
    <ClInclude Include="..\..\Drivers\STM32F4xx_HAL_Driver\Inc\stm32f4xx_hal_pwr.h">
      <Filter>Header files\STM32Cube HAL\PWR</Filter>
    </ClInclude>
    <ClInclude Include="..\..\Drivers\STM32F4xx_HAL_Driver\Inc\stm32f4xx_hal_pwr_ex.h">
      <Filter>Header files\STM32Cube HAL\PWR</Filter>
    </ClInclude>
    <ClInclude Include="..\..\Drivers\STM32F4xx_HAL_Driver\Inc\stm32f4xx_hal_spi.h">
      <Filter>Header files\STM32Cube HAL\SPI</Filter>
    </ClInclude>
    <ClInclude Include="..\..\Drivers\STM32F4xx_HAL_Driver\Inc\stm32f4xx_hal_flash.h">
      <Filter>Header files\STM32Cube HAL\FLASH</Filter>
    </ClInclude>
    <ClInclude Include="..\..\Drivers\STM32F4xx_HAL_Driver\Inc\stm32f4xx_hal_flash_ex.h">
      <Filter>Header files\STM32Cube HAL\FLASH</Filter>
    </ClInclude>
    <ClInclude Include="..\..\Drivers\STM32F4xx_HAL_Driver\Inc\stm32f4xx_hal_flash_ramfunc.h">
      <Filter>Header files\STM32Cube HAL\FLASH</Filter>
    </ClInclude>
    <ClInclude Include="..\..\Drivers\STM32F4xx_HAL_Driver\Inc\stm32f4xx_hal_gpio.h">
      <Filter>Header files\STM32Cube HAL\GPIO</Filter>
    </ClInclude>
    <ClInclude Include="..\..\Drivers\STM32F4xx_HAL_Driver\Inc\stm32f4xx_hal_gpio_ex.h">
      <Filter>Header files\STM32Cube HAL\GPIO</Filter>
    </ClInclude>
    <ClInclude Include="..\..\Middlewares\Third_Party\FreeRTOS\Source\include\croutine.h">
      <Filter>Header files\STM32Cube HAL\FREERTOS</Filter>
    </ClInclude>
    <ClInclude Include="..\..\Middlewares\Third_Party\FreeRTOS\Source\include\deprecated_definitions.h">
      <Filter>Header files\STM32Cube HAL\FREERTOS</Filter>
    </ClInclude>
    <ClInclude Include="..\..\Middlewares\Third_Party\FreeRTOS\Source\include\event_groups.h">
      <Filter>Header files\STM32Cube HAL\FREERTOS</Filter>
    </ClInclude>
    <ClInclude Include="..\..\Middlewares\Third_Party\FreeRTOS\Source\include\FreeRTOS.h">
      <Filter>Header files\STM32Cube HAL\FREERTOS</Filter>
    </ClInclude>
    <ClInclude Include="..\..\Middlewares\Third_Party\FreeRTOS\Source\include\FreeRTOSConfig_template.h">
      <Filter>Header files\STM32Cube HAL\FREERTOS</Filter>
    </ClInclude>
    <ClInclude Include="..\..\Middlewares\Third_Party\FreeRTOS\Source\include\list.h">
      <Filter>Header files\STM32Cube HAL\FREERTOS</Filter>
    </ClInclude>
    <ClInclude Include="..\..\Middlewares\Third_Party\FreeRTOS\Source\include\mpu_prototypes.h">
      <Filter>Header files\STM32Cube HAL\FREERTOS</Filter>
    </ClInclude>
    <ClInclude Include="..\..\Middlewares\Third_Party\FreeRTOS\Source\include\mpu_wrappers.h">
      <Filter>Header files\STM32Cube HAL\FREERTOS</Filter>
    </ClInclude>
    <ClInclude Include="..\..\Middlewares\Third_Party\FreeRTOS\Source\include\portable.h">
      <Filter>Header files\STM32Cube HAL\FREERTOS</Filter>
    </ClInclude>
    <ClInclude Include="..\..\Middlewares\Third_Party\FreeRTOS\Source\include\projdefs.h">
      <Filter>Header files\STM32Cube HAL\FREERTOS</Filter>
    </ClInclude>
    <ClInclude Include="..\..\Middlewares\Third_Party\FreeRTOS\Source\include\queue.h">
      <Filter>Header files\STM32Cube HAL\FREERTOS</Filter>
    </ClInclude>
    <ClInclude Include="..\..\Middlewares\Third_Party\FreeRTOS\Source\include\semphr.h">
      <Filter>Header files\STM32Cube HAL\FREERTOS</Filter>
    </ClInclude>
    <ClInclude Include="..\..\Middlewares\Third_Party\FreeRTOS\Source\include\StackMacros.h">
      <Filter>Header files\STM32Cube HAL\FREERTOS</Filter>
    </ClInclude>
    <ClInclude Include="..\..\Middlewares\Third_Party\FreeRTOS\Source\include\task.h">
      <Filter>Header files\STM32Cube HAL\FREERTOS</Filter>
    </ClInclude>
    <ClInclude Include="..\..\Middlewares\Third_Party\FreeRTOS\Source\include\timers.h">
      <Filter>Header files\STM32Cube HAL\FREERTOS</Filter>
    </ClInclude>
    <ClInclude Include="..\..\Middlewares\Third_Party\FreeRTOS\Source\CMSIS_RTOS\cmsis_os.h">
      <Filter>Header files\STM32Cube HAL\FREERTOS</Filter>
    </ClInclude>
    <ClInclude Include="..\..\Middlewares\Third_Party\FreeRTOS\Source\portable\GCC\ARM_CM4F\portmacro.h">
      <Filter>Header files\STM32Cube HAL\FREERTOS</Filter>
    </ClInclude>
    <ClInclude Include="..\..\Middlewares\Third_Party\LwIP\src\include\lwip\api.h">
      <Filter>Header files\STM32Cube HAL\LWIP</Filter>
    </ClInclude>
    <ClInclude Include="..\..\Middlewares\Third_Party\LwIP\src\include\lwip\arch.h">
      <Filter>Header files\STM32Cube HAL\LWIP</Filter>
    </ClInclude>
    <ClInclude Include="..\..\Middlewares\Third_Party\LwIP\src\include\lwip\prot\autoip.h">
      <Filter>Header files\STM32Cube HAL\LWIP</Filter>
    </ClInclude>
    <ClInclude Include="..\..\Middlewares\Third_Party\LwIP\src\include\lwip\debug.h">
      <Filter>Header files\STM32Cube HAL\LWIP</Filter>
    </ClInclude>
    <ClInclude Include="..\..\Middlewares\Third_Party\LwIP\src\include\lwip\def.h">
      <Filter>Header files\STM32Cube HAL\LWIP</Filter>
    </ClInclude>
    <ClInclude Include="..\..\Middlewares\Third_Party\LwIP\src\include\lwip\prot\dhcp.h">
      <Filter>Header files\STM32Cube HAL\LWIP</Filter>
    </ClInclude>
    <ClInclude Include="..\..\Middlewares\Third_Party\LwIP\src\include\lwip\dhcp6.h">
      <Filter>Header files\STM32Cube HAL\LWIP</Filter>
    </ClInclude>
    <ClInclude Include="..\..\Middlewares\Third_Party\LwIP\src\include\lwip\prot\dns.h">
      <Filter>Header files\STM32Cube HAL\LWIP</Filter>
    </ClInclude>
    <ClInclude Include="..\..\Middlewares\Third_Party\LwIP\src\include\lwip\err.h">
      <Filter>Header files\STM32Cube HAL\LWIP</Filter>
    </ClInclude>
    <ClInclude Include="..\..\Middlewares\Third_Party\LwIP\src\include\posix\errno.h">
      <Filter>Header files\STM32Cube HAL\LWIP</Filter>
    </ClInclude>
    <ClInclude Include="..\..\Middlewares\Third_Party\LwIP\src\include\netif\etharp.h">
      <Filter>Header files\STM32Cube HAL\LWIP</Filter>
    </ClInclude>
    <ClInclude Include="..\..\Middlewares\Third_Party\LwIP\src\include\lwip\ethip6.h">
      <Filter>Header files\STM32Cube HAL\LWIP</Filter>
    </ClInclude>
    <ClInclude Include="..\..\Middlewares\Third_Party\LwIP\src\include\lwip\prot\icmp.h">
      <Filter>Header files\STM32Cube HAL\LWIP</Filter>
    </ClInclude>
    <ClInclude Include="..\..\Middlewares\Third_Party\LwIP\src\include\lwip\prot\icmp6.h">
      <Filter>Header files\STM32Cube HAL\LWIP</Filter>
    </ClInclude>
    <ClInclude Include="..\..\Middlewares\Third_Party\LwIP\src\include\lwip\prot\igmp.h">
      <Filter>Header files\STM32Cube HAL\LWIP</Filter>
    </ClInclude>
    <ClInclude Include="..\..\Middlewares\Third_Party\LwIP\src\include\lwip\inet.h">
      <Filter>Header files\STM32Cube HAL\LWIP</Filter>
    </ClInclude>
    <ClInclude Include="..\..\Middlewares\Third_Party\LwIP\src\include\lwip\inet_chksum.h">
      <Filter>Header files\STM32Cube HAL\LWIP</Filter>
    </ClInclude>
    <ClInclude Include="..\..\Middlewares\Third_Party\LwIP\system\arch\init.h">
      <Filter>Header files\STM32Cube HAL\LWIP</Filter>
    </ClInclude>
    <ClInclude Include="..\..\Middlewares\Third_Party\LwIP\src\include\lwip\prot\ip.h">
      <Filter>Header files\STM32Cube HAL\LWIP</Filter>
    </ClInclude>
    <ClInclude Include="..\..\Middlewares\Third_Party\LwIP\src\include\lwip\prot\ip4.h">
      <Filter>Header files\STM32Cube HAL\LWIP</Filter>
    </ClInclude>
    <ClInclude Include="..\..\Middlewares\Third_Party\LwIP\src\include\lwip\ip4_addr.h">
      <Filter>Header files\STM32Cube HAL\LWIP</Filter>
    </ClInclude>
    <ClInclude Include="..\..\Middlewares\Third_Party\LwIP\src\include\lwip\ip4_frag.h">
      <Filter>Header files\STM32Cube HAL\LWIP</Filter>
    </ClInclude>
    <ClInclude Include="..\..\Middlewares\Third_Party\LwIP\src\include\lwip\prot\ip6.h">
      <Filter>Header files\STM32Cube HAL\LWIP</Filter>
    </ClInclude>
    <ClInclude Include="..\..\Middlewares\Third_Party\LwIP\src\include\lwip\ip6_addr.h">
      <Filter>Header files\STM32Cube HAL\LWIP</Filter>
    </ClInclude>
    <ClInclude Include="..\..\Middlewares\Third_Party\LwIP\src\include\lwip\ip6_frag.h">
      <Filter>Header files\STM32Cube HAL\LWIP</Filter>
    </ClInclude>
    <ClInclude Include="..\..\Middlewares\Third_Party\LwIP\src\include\lwip\ip_addr.h">
      <Filter>Header files\STM32Cube HAL\LWIP</Filter>
    </ClInclude>
    <ClInclude Include="..\..\Middlewares\Third_Party\LwIP\src\include\lwip\mem.h">
      <Filter>Header files\STM32Cube HAL\LWIP</Filter>
    </ClInclude>
    <ClInclude Include="..\..\Middlewares\Third_Party\LwIP\src\include\lwip\memp.h">
      <Filter>Header files\STM32Cube HAL\LWIP</Filter>
    </ClInclude>
    <ClInclude Include="..\..\Middlewares\Third_Party\LwIP\src\include\lwip\prot\mld6.h">
      <Filter>Header files\STM32Cube HAL\LWIP</Filter>
    </ClInclude>
    <ClInclude Include="..\..\Middlewares\Third_Party\LwIP\src\include\lwip\prot\nd6.h">
      <Filter>Header files\STM32Cube HAL\LWIP</Filter>
    </ClInclude>
    <ClInclude Include="..\..\Middlewares\Third_Party\LwIP\src\include\lwip\netbuf.h">
      <Filter>Header files\STM32Cube HAL\LWIP</Filter>
    </ClInclude>
    <ClInclude Include="..\..\Middlewares\Third_Party\LwIP\src\include\posix\netdb.h">
      <Filter>Header files\STM32Cube HAL\LWIP</Filter>
    </ClInclude>
    <ClInclude Include="..\..\Middlewares\Third_Party\LwIP\src\include\lwip\netif.h">
      <Filter>Header files\STM32Cube HAL\LWIP</Filter>
    </ClInclude>
    <ClInclude Include="..\..\Middlewares\Third_Party\LwIP\src\include\lwip\netifapi.h">
      <Filter>Header files\STM32Cube HAL\LWIP</Filter>
    </ClInclude>
    <ClInclude Include="..\..\Middlewares\Third_Party\LwIP\src\include\lwip\opt.h">
      <Filter>Header files\STM32Cube HAL\LWIP</Filter>
    </ClInclude>
    <ClInclude Include="..\..\Middlewares\Third_Party\LwIP\src\include\lwip\pbuf.h">
      <Filter>Header files\STM32Cube HAL\LWIP</Filter>
    </ClInclude>
    <ClInclude Include="..\..\Middlewares\Third_Party\LwIP\src\include\lwip\raw.h">
      <Filter>Header files\STM32Cube HAL\LWIP</Filter>
    </ClInclude>
    <ClInclude Include="..\..\Middlewares\Third_Party\LwIP\src\include\lwip\sio.h">
      <Filter>Header files\STM32Cube HAL\LWIP</Filter>
    </ClInclude>
    <ClInclude Include="..\..\Middlewares\Third_Party\LwIP\src\include\lwip\apps\snmp.h">
      <Filter>Header files\STM32Cube HAL\LWIP</Filter>
    </ClInclude>
    <ClInclude Include="..\..\Middlewares\Third_Party\LwIP\src\include\lwip\sockets.h">
      <Filter>Header files\STM32Cube HAL\LWIP</Filter>
    </ClInclude>
    <ClInclude Include="..\..\Middlewares\Third_Party\LwIP\src\include\lwip\stats.h">
      <Filter>Header files\STM32Cube HAL\LWIP</Filter>
    </ClInclude>
    <ClInclude Include="..\..\Middlewares\Third_Party\LwIP\src\include\lwip\sys.h">
      <Filter>Header files\STM32Cube HAL\LWIP</Filter>
    </ClInclude>
    <ClInclude Include="..\..\Middlewares\Third_Party\LwIP\src\include\lwip\prot\tcp.h">
      <Filter>Header files\STM32Cube HAL\LWIP</Filter>
    </ClInclude>
    <ClInclude Include="..\..\Middlewares\Third_Party\LwIP\src\include\lwip\tcpip.h">
      <Filter>Header files\STM32Cube HAL\LWIP</Filter>
    </ClInclude>
    <ClInclude Include="..\..\Middlewares\Third_Party\LwIP\src\include\lwip\timeouts.h">
      <Filter>Header files\STM32Cube HAL\LWIP</Filter>
    </ClInclude>
    <ClInclude Include="..\..\Middlewares\Third_Party\LwIP\src\include\lwip\prot\udp.h">
      <Filter>Header files\STM32Cube HAL\LWIP</Filter>
    </ClInclude>
    <ClInclude Include="..\..\Middlewares\Third_Party\LwIP\src\include\lwip\apps\fs.h">
      <Filter>Header files\STM32Cube HAL\LWIP</Filter>
    </ClInclude>
    <ClInclude Include="..\..\Middlewares\Third_Party\LwIP\src\include\lwip\apps\httpd.h">
      <Filter>Header files\STM32Cube HAL\LWIP</Filter>
    </ClInclude>
    <ClInclude Include="..\..\Middlewares\Third_Party\LwIP\src\include\lwip\apps\httpd_opts.h">
      <Filter>Header files\STM32Cube HAL\LWIP</Filter>
    </ClInclude>
    <ClInclude Include="..\..\Middlewares\Third_Party\LwIP\src\include\lwip\apps\lwiperf.h">
      <Filter>Header files\STM32Cube HAL\LWIP</Filter>
    </ClInclude>
    <ClInclude Include="..\..\Middlewares\Third_Party\LwIP\src\include\lwip\apps\mdns.h">
      <Filter>Header files\STM32Cube HAL\LWIP</Filter>
    </ClInclude>
    <ClInclude Include="..\..\Middlewares\Third_Party\LwIP\src\include\lwip\apps\mdns_opts.h">
      <Filter>Header files\STM32Cube HAL\LWIP</Filter>
    </ClInclude>
    <ClInclude Include="..\..\Middlewares\Third_Party\LwIP\src\include\lwip\apps\mdns_priv.h">
      <Filter>Header files\STM32Cube HAL\LWIP</Filter>
    </ClInclude>
    <ClInclude Include="..\..\Middlewares\Third_Party\LwIP\src\include\lwip\apps\mqtt.h">
      <Filter>Header files\STM32Cube HAL\LWIP</Filter>
    </ClInclude>
    <ClInclude Include="..\..\Middlewares\Third_Party\LwIP\src\include\lwip\apps\mqtt_opts.h">
      <Filter>Header files\STM32Cube HAL\LWIP</Filter>
    </ClInclude>
    <ClInclude Include="..\..\Middlewares\Third_Party\LwIP\src\include\lwip\apps\netbiosns.h">
      <Filter>Header files\STM32Cube HAL\LWIP</Filter>
    </ClInclude>
    <ClInclude Include="..\..\Middlewares\Third_Party\LwIP\src\include\lwip\apps\netbiosns_opts.h">
      <Filter>Header files\STM32Cube HAL\LWIP</Filter>
    </ClInclude>
    <ClInclude Include="..\..\Middlewares\Third_Party\LwIP\src\include\lwip\apps\snmpv3.h">
      <Filter>Header files\STM32Cube HAL\LWIP</Filter>
    </ClInclude>
    <ClInclude Include="..\..\Middlewares\Third_Party\LwIP\src\include\lwip\apps\snmp_core.h">
      <Filter>Header files\STM32Cube HAL\LWIP</Filter>
    </ClInclude>
    <ClInclude Include="..\..\Middlewares\Third_Party\LwIP\src\include\lwip\apps\snmp_mib2.h">
      <Filter>Header files\STM32Cube HAL\LWIP</Filter>
    </ClInclude>
    <ClInclude Include="..\..\Middlewares\Third_Party\LwIP\src\include\lwip\apps\snmp_opts.h">
      <Filter>Header files\STM32Cube HAL\LWIP</Filter>
    </ClInclude>
    <ClInclude Include="..\..\Middlewares\Third_Party\LwIP\src\include\lwip\apps\snmp_scalar.h">
      <Filter>Header files\STM32Cube HAL\LWIP</Filter>
    </ClInclude>
    <ClInclude Include="..\..\Middlewares\Third_Party\LwIP\src\include\lwip\apps\snmp_table.h">
      <Filter>Header files\STM32Cube HAL\LWIP</Filter>
    </ClInclude>
    <ClInclude Include="..\..\Middlewares\Third_Party\LwIP\src\include\lwip\apps\snmp_threadsync.h">
      <Filter>Header files\STM32Cube HAL\LWIP</Filter>
    </ClInclude>
    <ClInclude Include="..\..\Middlewares\Third_Party\LwIP\src\include\lwip\apps\sntp.h">
      <Filter>Header files\STM32Cube HAL\LWIP</Filter>
    </ClInclude>
    <ClInclude Include="..\..\Middlewares\Third_Party\LwIP\src\include\lwip\apps\sntp_opts.h">
      <Filter>Header files\STM32Cube HAL\LWIP</Filter>
    </ClInclude>
    <ClInclude Include="..\..\Middlewares\Third_Party\LwIP\src\include\lwip\apps\tftp_opts.h">
      <Filter>Header files\STM32Cube HAL\LWIP</Filter>
    </ClInclude>
    <ClInclude Include="..\..\Middlewares\Third_Party\LwIP\src\include\lwip\apps\tftp_server.h">
      <Filter>Header files\STM32Cube HAL\LWIP</Filter>
    </ClInclude>
    <ClInclude Include="..\..\Middlewares\Third_Party\LwIP\src\include\lwip\priv\api_msg.h">
      <Filter>Header files\STM32Cube HAL\LWIP</Filter>
    </ClInclude>
    <ClInclude Include="..\..\Middlewares\Third_Party\LwIP\src\include\lwip\priv\memp_priv.h">
      <Filter>Header files\STM32Cube HAL\LWIP</Filter>
    </ClInclude>
    <ClInclude Include="..\..\Middlewares\Third_Party\LwIP\src\include\lwip\priv\memp_std.h">
      <Filter>Header files\STM32Cube HAL\LWIP</Filter>
    </ClInclude>
    <ClInclude Include="..\..\Middlewares\Third_Party\LwIP\src\include\lwip\priv\nd6_priv.h">
      <Filter>Header files\STM32Cube HAL\LWIP</Filter>
    </ClInclude>
    <ClInclude Include="..\..\Middlewares\Third_Party\LwIP\src\include\lwip\priv\tcpip_priv.h">
      <Filter>Header files\STM32Cube HAL\LWIP</Filter>
    </ClInclude>
    <ClInclude Include="..\..\Middlewares\Third_Party\LwIP\src\include\lwip\priv\tcp_priv.h">
      <Filter>Header files\STM32Cube HAL\LWIP</Filter>
    </ClInclude>
    <ClInclude Include="..\..\Middlewares\Third_Party\LwIP\src\include\netif\ethernet.h">
      <Filter>Header files\STM32Cube HAL\LWIP</Filter>
    </ClInclude>
    <ClInclude Include="..\..\Middlewares\Third_Party\LwIP\src\include\netif\lowpan6.h">
      <Filter>Header files\STM32Cube HAL\LWIP</Filter>
    </ClInclude>
    <ClInclude Include="..\..\Middlewares\Third_Party\LwIP\src\include\netif\lowpan6_opts.h">
      <Filter>Header files\STM32Cube HAL\LWIP</Filter>
    </ClInclude>
    <ClInclude Include="..\..\Middlewares\Third_Party\LwIP\src\include\netif\slipif.h">
      <Filter>Header files\STM32Cube HAL\LWIP</Filter>
    </ClInclude>
    <ClInclude Include="..\..\Middlewares\Third_Party\LwIP\src\include\netif\ppp\ccp.h">
      <Filter>Header files\STM32Cube HAL\LWIP</Filter>
    </ClInclude>
    <ClInclude Include="..\..\Middlewares\Third_Party\LwIP\src\include\netif\ppp\chap_ms.h">
      <Filter>Header files\STM32Cube HAL\LWIP</Filter>
    </ClInclude>
    <ClInclude Include="..\..\Middlewares\Third_Party\LwIP\src\include\netif\ppp\chap-md5.h">
      <Filter>Header files\STM32Cube HAL\LWIP</Filter>
    </ClInclude>
    <ClInclude Include="..\..\Middlewares\Third_Party\LwIP\src\include\netif\ppp\chap-new.h">
      <Filter>Header files\STM32Cube HAL\LWIP</Filter>
    </ClInclude>
    <ClInclude Include="..\..\Middlewares\Third_Party\LwIP\src\include\netif\ppp\eap.h">
      <Filter>Header files\STM32Cube HAL\LWIP</Filter>
    </ClInclude>
    <ClInclude Include="..\..\Middlewares\Third_Party\LwIP\src\include\netif\ppp\eui64.h">
      <Filter>Header files\STM32Cube HAL\LWIP</Filter>
    </ClInclude>
    <ClInclude Include="..\..\Middlewares\Third_Party\LwIP\src\include\netif\ppp\fsm.h">
      <Filter>Header files\STM32Cube HAL\LWIP</Filter>
    </ClInclude>
    <ClInclude Include="..\..\Middlewares\Third_Party\LwIP\src\include\netif\ppp\ipcp.h">
      <Filter>Header files\STM32Cube HAL\LWIP</Filter>
    </ClInclude>
    <ClInclude Include="..\..\Middlewares\Third_Party\LwIP\src\include\netif\ppp\ipv6cp.h">
      <Filter>Header files\STM32Cube HAL\LWIP</Filter>
    </ClInclude>
    <ClInclude Include="..\..\Middlewares\Third_Party\LwIP\src\include\netif\ppp\lcp.h">
      <Filter>Header files\STM32Cube HAL\LWIP</Filter>
    </ClInclude>
    <ClInclude Include="..\..\Middlewares\Third_Party\LwIP\src\include\netif\ppp\magic.h">
      <Filter>Header files\STM32Cube HAL\LWIP</Filter>
    </ClInclude>
    <ClInclude Include="..\..\Middlewares\Third_Party\LwIP\src\include\netif\ppp\mppe.h">
      <Filter>Header files\STM32Cube HAL\LWIP</Filter>
    </ClInclude>
    <ClInclude Include="..\..\Middlewares\Third_Party\LwIP\src\include\netif\ppp\ppp.h">
      <Filter>Header files\STM32Cube HAL\LWIP</Filter>
    </ClInclude>
    <ClInclude Include="..\..\Middlewares\Third_Party\LwIP\src\include\netif\ppp\ppp_impl.h">
      <Filter>Header files\STM32Cube HAL\LWIP</Filter>
    </ClInclude>
    <ClInclude Include="..\..\Middlewares\Third_Party\LwIP\src\include\netif\ppp\ppp_opts.h">
      <Filter>Header files\STM32Cube HAL\LWIP</Filter>
    </ClInclude>
    <ClInclude Include="..\..\Middlewares\Third_Party\LwIP\src\include\netif\ppp\pppapi.h">
      <Filter>Header files\STM32Cube HAL\LWIP</Filter>
    </ClInclude>
    <ClInclude Include="..\..\Middlewares\Third_Party\LwIP\src\include\netif\ppp\pppcrypt.h">
      <Filter>Header files\STM32Cube HAL\LWIP</Filter>
    </ClInclude>
    <ClInclude Include="..\..\Middlewares\Third_Party\LwIP\src\include\netif\ppp\pppdebug.h">
      <Filter>Header files\STM32Cube HAL\LWIP</Filter>
    </ClInclude>
    <ClInclude Include="..\..\Middlewares\Third_Party\LwIP\src\include\netif\ppp\pppoe.h">
      <Filter>Header files\STM32Cube HAL\LWIP</Filter>
    </ClInclude>
    <ClInclude Include="..\..\Middlewares\Third_Party\LwIP\src\include\netif\ppp\pppol2tp.h">
      <Filter>Header files\STM32Cube HAL\LWIP</Filter>
    </ClInclude>
    <ClInclude Include="..\..\Middlewares\Third_Party\LwIP\src\include\netif\ppp\pppos.h">
      <Filter>Header files\STM32Cube HAL\LWIP</Filter>
    </ClInclude>
    <ClInclude Include="..\..\Middlewares\Third_Party\LwIP\src\include\netif\ppp\upap.h">
      <Filter>Header files\STM32Cube HAL\LWIP</Filter>
    </ClInclude>
    <ClInclude Include="..\..\Middlewares\Third_Party\LwIP\src\include\netif\ppp\vj.h">
      <Filter>Header files\STM32Cube HAL\LWIP</Filter>
    </ClInclude>
    <ClInclude Include="..\..\Middlewares\Third_Party\LwIP\src\include\posix\sys\socket.h">
      <Filter>Header files\STM32Cube HAL\LWIP</Filter>
    </ClInclude>
    <ClInclude Include="..\..\Middlewares\Third_Party\LwIP\system\arch\bpstruct.h">
      <Filter>Header files\STM32Cube HAL\LWIP</Filter>
    </ClInclude>
    <ClInclude Include="..\..\Middlewares\Third_Party\LwIP\system\arch\cc.h">
      <Filter>Header files\STM32Cube HAL\LWIP</Filter>
    </ClInclude>
    <ClInclude Include="..\..\Middlewares\Third_Party\LwIP\system\arch\cpu.h">
      <Filter>Header files\STM32Cube HAL\LWIP</Filter>
    </ClInclude>
    <ClInclude Include="..\..\Middlewares\Third_Party\LwIP\system\arch\epstruct.h">
      <Filter>Header files\STM32Cube HAL\LWIP</Filter>
    </ClInclude>
    <ClInclude Include="..\..\Middlewares\Third_Party\LwIP\system\arch\lib.h">
      <Filter>Header files\STM32Cube HAL\LWIP</Filter>
    </ClInclude>
    <ClInclude Include="..\..\Middlewares\Third_Party\LwIP\system\arch\perf.h">
      <Filter>Header files\STM32Cube HAL\LWIP</Filter>
    </ClInclude>
    <ClInclude Include="..\..\Middlewares\Third_Party\LwIP\system\arch\sys_arch.h">
      <Filter>Header files\STM32Cube HAL\LWIP</Filter>
    </ClInclude>
    <ClInclude Include="..\..\Drivers\STM32F4xx_HAL_Driver\Inc\stm32f4xx_hal_rcc.h">
      <Filter>Header files\STM32Cube HAL\RCC</Filter>
    </ClInclude>
    <ClInclude Include="..\..\Drivers\STM32F4xx_HAL_Driver\Inc\stm32f4xx_hal_rcc_ex.h">
      <Filter>Header files\STM32Cube HAL\RCC</Filter>
    </ClInclude>
    <ClInclude Include="..\..\Drivers\STM32F4xx_HAL_Driver\Inc\stm32f4xx_hal_crc.h">
      <Filter>Header files\STM32Cube HAL\CRC</Filter>
    </ClInclude>
    <ClInclude Include="..\..\Drivers\STM32F4xx_HAL_Driver\Inc\stm32f4xx_hal_cortex.h">
      <Filter>Header files\STM32Cube HAL\CORTEX</Filter>
    </ClInclude>
    <ClInclude Include="..\..\Drivers\STM32F4xx_HAL_Driver\Inc\stm32f4xx_hal_eth.h">
      <Filter>Header files\STM32Cube HAL\ETH</Filter>
    </ClInclude>
    <ClInclude Include="..\..\Drivers\STM32F4xx_HAL_Driver\Inc\stm32f4xx_hal_tim.h">
      <Filter>Header files\STM32Cube HAL\TIM</Filter>
    </ClInclude>
    <ClInclude Include="..\..\Drivers\STM32F4xx_HAL_Driver\Inc\stm32f4xx_hal_tim_ex.h">
      <Filter>Header files\STM32Cube HAL\TIM</Filter>
    </ClInclude>
    <ClInclude Include="..\..\Drivers\STM32F4xx_HAL_Driver\Inc\stm32f4xx_hal_dma_ex.h">
      <Filter>Header files\STM32Cube HAL\DMA</Filter>
    </ClInclude>
    <ClInclude Include="..\..\Drivers\STM32F4xx_HAL_Driver\Inc\stm32f4xx_hal_dma.h">
      <Filter>Header files\STM32Cube HAL\DMA</Filter>
    </ClInclude>
    <ClInclude Include="..\..\Drivers\STM32F4xx_HAL_Driver\Inc\stm32f4xx_hal_i2c.h">
      <Filter>Header files\STM32Cube HAL\I2C</Filter>
    </ClInclude>
    <ClInclude Include="..\..\Drivers\STM32F4xx_HAL_Driver\Inc\stm32f4xx_hal_i2c_ex.h">
      <Filter>Header files\STM32Cube HAL\I2C</Filter>
    </ClInclude>
    <None Include="wisdombox-Debug.vgdbsettings">
      <Filter>VisualGDB settings</Filter>
    </None>
    <None Include="wisdombox-Release.vgdbsettings">
      <Filter>VisualGDB settings</Filter>
    </None>
    <None Include="stm32.xml">
      <Filter>VisualGDB settings</Filter>
    </None>
    <ClCompile Include="..\..\bsp\Src\mcp4822.c">
      <Filter>Source files\bsp\Src</Filter>
    </ClCompile>
    <ClCompile Include="..\..\bsp\Src\Relay.c">
      <Filter>Source files\bsp\Src</Filter>
    </ClCompile>
    <ClInclude Include="..\..\bsp\Inc\common.h">
      <Filter>Header files\bsp\Inc</Filter>
    </ClInclude>
    <ClInclude Include="..\..\bsp\Inc\DAC.h">
      <Filter>Header files\bsp\Inc</Filter>
    </ClInclude>
    <ClInclude Include="..\..\bsp\Inc\Relay.h">
      <Filter>Header files\bsp\Inc</Filter>
    </ClInclude>
    <ClCompile Include="..\..\Src\iwdg.c">
      <Filter>Source files</Filter>
    </ClCompile>
    <ClCompile Include="..\..\Drivers\STM32F4xx_HAL_Driver\Src\stm32f4xx_hal_iwdg.c">
      <Filter>Source files\STM32Cube HAL\IWDG</Filter>
    </ClCompile>
    <ClInclude Include="..\..\Inc\iwdg.h">
      <Filter>Header files</Filter>
    </ClInclude>
    <ClInclude Include="..\..\Drivers\STM32F4xx_HAL_Driver\Inc\stm32f4xx_hal_iwdg.h">
      <Filter>Header files\STM32Cube HAL\IWDG</Filter>
    </ClInclude>
    <ClCompile Include="..\..\Src\freertos.c">
      <Filter>Source files</Filter>
    </ClCompile>
    <ClCompile Include="..\..\bsp\Src\R8025t.c">
      <Filter>Source files\bsp\Src</Filter>
    </ClCompile>
    <ClInclude Include="..\..\bsp\Inc\ADS1230.h">
      <Filter>Header files\bsp\Inc</Filter>
    </ClInclude>
    <ClInclude Include="..\..\bsp\Inc\R8025t.h">
      <Filter>Header files\bsp\Inc</Filter>
    </ClInclude>
    <ClCompile Include="..\..\bsp\Src\ADS1230.c">
      <Filter>Source files\bsp\Src</Filter>
    </ClCompile>
    <ClCompile Include="..\..\bsp\Src\stm32f4xx_nucleo_144.c">
      <Filter>Source files\bsp\Src</Filter>
    </ClCompile>
    <ClInclude Include="..\..\bsp\Inc\stm32f4xx_nucleo_144.h">
      <Filter>Header files\bsp\Inc</Filter>
    </ClInclude>
    <ClCompile Include="..\..\freemodbustcp\modbus\mb.c">
      <Filter>Source files\freemodbustcp\modbus</Filter>
    </ClCompile>
    <ClCompile Include="..\..\freemodbustcp\modbus\ascii\mbascii.c">
      <Filter>Source files\freemodbustcp\modbus\ascii</Filter>
    </ClCompile>
    <ClCompile Include="..\..\freemodbustcp\modbus\functions\mbfunccoils.c">
      <Filter>Source files\freemodbustcp\modbus\functions</Filter>
    </ClCompile>
    <ClCompile Include="..\..\freemodbustcp\modbus\functions\mbfuncdiag.c">
      <Filter>Source files\freemodbustcp\modbus\functions</Filter>
    </ClCompile>
    <ClCompile Include="..\..\freemodbustcp\modbus\functions\mbfuncdisc.c">
      <Filter>Source files\freemodbustcp\modbus\functions</Filter>
    </ClCompile>
    <ClCompile Include="..\..\freemodbustcp\modbus\functions\mbfuncholding.c">
      <Filter>Source files\freemodbustcp\modbus\functions</Filter>
    </ClCompile>
    <ClCompile Include="..\..\freemodbustcp\modbus\functions\mbfuncinput.c">
      <Filter>Source files\freemodbustcp\modbus\functions</Filter>
    </ClCompile>
    <ClCompile Include="..\..\freemodbustcp\modbus\functions\mbfuncother.c">
      <Filter>Source files\freemodbustcp\modbus\functions</Filter>
    </ClCompile>
    <ClCompile Include="..\..\freemodbustcp\modbus\functions\mbutils.c">
      <Filter>Source files\freemodbustcp\modbus\functions</Filter>
    </ClCompile>
    <ClCompile Include="..\..\freemodbustcp\modbus\rtu\mbcrc.c">
      <Filter>Source files\freemodbustcp\modbus\rtu</Filter>
    </ClCompile>
    <ClCompile Include="..\..\freemodbustcp\modbus\rtu\mbrtu.c">
      <Filter>Source files\freemodbustcp\modbus\rtu</Filter>
    </ClCompile>
    <ClCompile Include="..\..\freemodbustcp\modbus\tcp\mbtcp.c">
      <Filter>Source files\freemodbustcp\modbus\tcp</Filter>
    </ClCompile>
    <ClCompile Include="..\..\freemodbustcp\port\portevent.c">
      <Filter>Source files\freemodbustcp\port</Filter>
    </ClCompile>
    <ClCompile Include="..\..\freemodbustcp\port\portother.c">
      <Filter>Source files\freemodbustcp\port</Filter>
    </ClCompile>
    <ClCompile Include="..\..\freemodbustcp\port\porttcp.c">
      <Filter>Source files\freemodbustcp\port</Filter>
    </ClCompile>
    <ClInclude Include="..\..\freemodbustcp\modbus\ascii\mbascii.h">
      <Filter>Header files\freemodbustcp\modbus\ascii</Filter>
    </ClInclude>
    <ClInclude Include="..\..\freemodbustcp\modbus\include\mb.h">
      <Filter>Header files\freemodbustcp\modbus\include</Filter>
    </ClInclude>
    <ClInclude Include="..\..\freemodbustcp\modbus\include\mbconfig.h">
      <Filter>Header files\freemodbustcp\modbus\include</Filter>
    </ClInclude>
    <ClInclude Include="..\..\freemodbustcp\modbus\include\mbframe.h">
      <Filter>Header files\freemodbustcp\modbus\include</Filter>
    </ClInclude>
    <ClInclude Include="..\..\freemodbustcp\modbus\include\mbfunc.h">
      <Filter>Header files\freemodbustcp\modbus\include</Filter>
    </ClInclude>
    <ClInclude Include="..\..\freemodbustcp\modbus\include\mbport.h">
      <Filter>Header files\freemodbustcp\modbus\include</Filter>
    </ClInclude>
    <ClInclude Include="..\..\freemodbustcp\modbus\include\mbproto.h">
      <Filter>Header files\freemodbustcp\modbus\include</Filter>
    </ClInclude>
    <ClInclude Include="..\..\freemodbustcp\modbus\include\mbutils.h">
      <Filter>Header files\freemodbustcp\modbus\include</Filter>
    </ClInclude>
    <ClInclude Include="..\..\freemodbustcp\modbus\rtu\mbcrc.h">
      <Filter>Header files\freemodbustcp\modbus\rtu</Filter>
    </ClInclude>
    <ClInclude Include="..\..\freemodbustcp\modbus\rtu\mbrtu.h">
      <Filter>Header files\freemodbustcp\modbus\rtu</Filter>
    </ClInclude>
    <ClInclude Include="..\..\freemodbustcp\modbus\tcp\mbtcp.h">
      <Filter>Header files\freemodbustcp\modbus\tcp</Filter>
    </ClInclude>
    <ClInclude Include="..\..\freemodbustcp\port\port.h">
      <Filter>Header files\freemodbustcp\port</Filter>
    </ClInclude>
    <ClCompile Include="..\..\Src\syscalls.c">
      <Filter>Source files</Filter>
    </ClCompile>
    <ClCompile Include="..\..\Src\dma.c">
      <Filter>Source files</Filter>
    </ClCompile>
    <ClInclude Include="..\..\Inc\dma.h">
      <Filter>Header files</Filter>
    </ClInclude>
    <ClCompile Include="..\..\bsp\Src\recod.c">
      <Filter>Source files\bsp\Src</Filter>
    </ClCompile>
    <ClInclude Include="..\..\bsp\Inc\recod.h">
      <Filter>Header files\bsp\Inc</Filter>
    </ClInclude>
    <ClCompile Include="..\..\bsp\Src\cat1023.c">
      <Filter>Source files\bsp\Src</Filter>
    </ClCompile>
    <ClInclude Include="..\..\bsp\Inc\cat1023.h">
      <Filter>Header files\bsp\Inc</Filter>
    </ClInclude>
    <ClCompile Include="..\..\bsp\Src\common.c">
      <Filter>Source files\bsp\Src</Filter>
    </ClCompile>
  </ItemGroup>
</Project>